// !$*UTF8*$!
{
	archiveVersion = 1;
	classes = {
	};
	objectVersion = 50;
	objects = {

/* Begin PBXBuildFile section */
		4A22E83F215F6FAC00109F7A /* CTNetworkingAPIManagerPagable.swift in Sources */ = {isa = PBXBuildFile; fileRef = 4A22E83E215F6FAC00109F7A /* CTNetworkingAPIManagerPagable.swift */; };
		4A460E7D215DEC2A00C98571 /* Debug.Request.extension.swift in Sources */ = {isa = PBXBuildFile; fileRef = 4A460E7C215DEC2A00C98571 /* Debug.Request.extension.swift */; };
		4A460E7F215DEC3700C98571 /* Debug.Response.Extension.swift in Sources */ = {isa = PBXBuildFile; fileRef = 4A460E7E215DEC3700C98571 /* Debug.Response.Extension.swift */; };
		4A8A12A0215FD4AD004A35BE /* InnerInterceptor.BaseAPIManager.extension.swift in Sources */ = {isa = PBXBuildFile; fileRef = 4A8A129F215FD4AD004A35BE /* InnerInterceptor.BaseAPIManager.extension.swift */; };
		4A9374A8215BDD4D00B88CB8 /* SchemeHandler.swift in Sources */ = {isa = PBXBuildFile; fileRef = 4A937486215BDD4D00B88CB8 /* SchemeHandler.swift */; };
		4A9374A9215BDD4D00B88CB8 /* WKWebViewController.swift in Sources */ = {isa = PBXBuildFile; fileRef = 4A937487215BDD4D00B88CB8 /* WKWebViewController.swift */; };
		4A9374AA215BDD4D00B88CB8 /* LifeCycle.WebViewController.extension.swift in Sources */ = {isa = PBXBuildFile; fileRef = 4A937488215BDD4D00B88CB8 /* LifeCycle.WebViewController.extension.swift */; };
		4A9374AC215BDD4D00B88CB8 /* TestService.swift in Sources */ = {isa = PBXBuildFile; fileRef = 4A93748D215BDD4D00B88CB8 /* TestService.swift */; };
		4A9374AD215BDD4D00B88CB8 /* TestAPIManager.swift in Sources */ = {isa = PBXBuildFile; fileRef = 4A93748F215BDD4D00B88CB8 /* TestAPIManager.swift */; };
		4A9374AE215BDD4D00B88CB8 /* CTNetworkingProtocol.swift in Sources */ = {isa = PBXBuildFile; fileRef = 4A937490215BDD4D00B88CB8 /* CTNetworkingProtocol.swift */; };
		4A9374AF215BDD4D00B88CB8 /* ViewController.swift in Sources */ = {isa = PBXBuildFile; fileRef = 4A937492215BDD4D00B88CB8 /* ViewController.swift */; };
		4A9374B0215BDD4D00B88CB8 /* TableView.ViewController.extension.swift in Sources */ = {isa = PBXBuildFile; fileRef = 4A937493215BDD4D00B88CB8 /* TableView.ViewController.extension.swift */; };
		4A9374B1215BDD4D00B88CB8 /* ParamSource.ViewController.extension.swift in Sources */ = {isa = PBXBuildFile; fileRef = 4A937494215BDD4D00B88CB8 /* ParamSource.ViewController.extension.swift */; };
		4A9374B2215BDD4D00B88CB8 /* Callback.ViewController.extension.swift in Sources */ = {isa = PBXBuildFile; fileRef = 4A937495215BDD4D00B88CB8 /* Callback.ViewController.extension.swift */; };
		4A9374B3215BDD4D00B88CB8 /* LifeCycle.ViewController.extension.swift in Sources */ = {isa = PBXBuildFile; fileRef = 4A937496215BDD4D00B88CB8 /* LifeCycle.ViewController.extension.swift */; };
		4A9374B4215BDD4D00B88CB8 /* CTNetworking.swift in Sources */ = {isa = PBXBuildFile; fileRef = 4A937498215BDD4D00B88CB8 /* CTNetworking.swift */; };
		4A9374B5215BDD4D00B88CB8 /* API.BaseAPIManager.extension.swift in Sources */ = {isa = PBXBuildFile; fileRef = 4A93749B215BDD4D00B88CB8 /* API.BaseAPIManager.extension.swift */; };
		4A9374B6215BDD4D00B88CB8 /* Reformer.BaseAPIManager.extension.swift in Sources */ = {isa = PBXBuildFile; fileRef = 4A93749C215BDD4D00B88CB8 /* Reformer.BaseAPIManager.extension.swift */; };
		4A9374B7215BDD4D00B88CB8 /* CTNetworkingBaseAPIManager.swift in Sources */ = {isa = PBXBuildFile; fileRef = 4A93749D215BDD4D00B88CB8 /* CTNetworkingBaseAPIManager.swift */; };
		4A9374B8215BDD4D00B88CB8 /* CTNetworkingBaseAPIManagerParamSource.swift in Sources */ = {isa = PBXBuildFile; fileRef = 4A93749F215BDD4D00B88CB8 /* CTNetworkingBaseAPIManagerParamSource.swift */; };
		4A9374B9215BDD4D00B88CB8 /* CTNetworkingBaseAPIManagerInterceptor.swift in Sources */ = {isa = PBXBuildFile; fileRef = 4A9374A0215BDD4D00B88CB8 /* CTNetworkingBaseAPIManagerInterceptor.swift */; };
		4A9374BA215BDD4D00B88CB8 /* CTNetworkingBaseAPIManagerValidator.swift in Sources */ = {isa = PBXBuildFile; fileRef = 4A9374A1215BDD4D00B88CB8 /* CTNetworkingBaseAPIManagerValidator.swift */; };
		4A9374BB215BDD4D00B88CB8 /* CTNetworkingBaseAPIManagerCallbackDelegate.swift in Sources */ = {isa = PBXBuildFile; fileRef = 4A9374A2215BDD4D00B88CB8 /* CTNetworkingBaseAPIManagerCallbackDelegate.swift */; };
		4A9374BC215BDD4D00B88CB8 /* CTNetworkingBaseAPIManagerChild.swift in Sources */ = {isa = PBXBuildFile; fileRef = 4A9374A3215BDD4D00B88CB8 /* CTNetworkingBaseAPIManagerChild.swift */; };
		4A9374BD215BDD4D00B88CB8 /* Callback.BaseAPIManager.extension.swift in Sources */ = {isa = PBXBuildFile; fileRef = 4A9374A4215BDD4D00B88CB8 /* Callback.BaseAPIManager.extension.swift */; };
		4A9374BE215BDD4D00B88CB8 /* ServiceProtocol.swift in Sources */ = {isa = PBXBuildFile; fileRef = 4A9374A6215BDD4D00B88CB8 /* ServiceProtocol.swift */; };
		4AAF5822215BDB5C009E312E /* AppDelegate.swift in Sources */ = {isa = PBXBuildFile; fileRef = 4AAF5821215BDB5C009E312E /* AppDelegate.swift */; };
		4AAF5827215BDB5C009E312E /* Main.storyboard in Resources */ = {isa = PBXBuildFile; fileRef = 4AAF5825215BDB5C009E312E /* Main.storyboard */; };
		4AAF5829215BDB5D009E312E /* Assets.xcassets in Resources */ = {isa = PBXBuildFile; fileRef = 4AAF5828215BDB5D009E312E /* Assets.xcassets */; };
		4AAF582C215BDB5D009E312E /* LaunchScreen.storyboard in Resources */ = {isa = PBXBuildFile; fileRef = 4AAF582A215BDB5D009E312E /* LaunchScreen.storyboard */; };
		B11A445306298D39E166C910 /* Pods_CTNetworkingSwift.framework in Frameworks */ = {isa = PBXBuildFile; fileRef = 0B21A842E0906B61311AD2E9 /* Pods_CTNetworkingSwift.framework */; };
/* End PBXBuildFile section */

/* Begin PBXFileReference section */
		0B21A842E0906B61311AD2E9 /* Pods_CTNetworkingSwift.framework */ = {isa = PBXFileReference; explicitFileType = wrapper.framework; includeInIndex = 0; path = Pods_CTNetworkingSwift.framework; sourceTree = BUILT_PRODUCTS_DIR; };
		4A22E83E215F6FAC00109F7A /* CTNetworkingAPIManagerPagable.swift */ = {isa = PBXFileReference; lastKnownFileType = sourcecode.swift; path = CTNetworkingAPIManagerPagable.swift; sourceTree = "<group>"; };
		4A460E7C215DEC2A00C98571 /* Debug.Request.extension.swift */ = {isa = PBXFileReference; lastKnownFileType = sourcecode.swift; path = Debug.Request.extension.swift; sourceTree = "<group>"; };
		4A460E7E215DEC3700C98571 /* Debug.Response.Extension.swift */ = {isa = PBXFileReference; lastKnownFileType = sourcecode.swift; path = Debug.Response.Extension.swift; sourceTree = "<group>"; };
		4A8A129F215FD4AD004A35BE /* InnerInterceptor.BaseAPIManager.extension.swift */ = {isa = PBXFileReference; lastKnownFileType = sourcecode.swift; path = InnerInterceptor.BaseAPIManager.extension.swift; sourceTree = "<group>"; };
		4A937486215BDD4D00B88CB8 /* SchemeHandler.swift */ = {isa = PBXFileReference; fileEncoding = 4; lastKnownFileType = sourcecode.swift; path = SchemeHandler.swift; sourceTree = "<group>"; };
		4A937487215BDD4D00B88CB8 /* WKWebViewController.swift */ = {isa = PBXFileReference; fileEncoding = 4; lastKnownFileType = sourcecode.swift; path = WKWebViewController.swift; sourceTree = "<group>"; };
		4A937488215BDD4D00B88CB8 /* LifeCycle.WebViewController.extension.swift */ = {isa = PBXFileReference; fileEncoding = 4; lastKnownFileType = sourcecode.swift; path = LifeCycle.WebViewController.extension.swift; sourceTree = "<group>"; };
		4A93748D215BDD4D00B88CB8 /* TestService.swift */ = {isa = PBXFileReference; fileEncoding = 4; lastKnownFileType = sourcecode.swift; path = TestService.swift; sourceTree = "<group>"; };
		4A93748F215BDD4D00B88CB8 /* TestAPIManager.swift */ = {isa = PBXFileReference; fileEncoding = 4; lastKnownFileType = sourcecode.swift; path = TestAPIManager.swift; sourceTree = "<group>"; };
		4A937490215BDD4D00B88CB8 /* CTNetworkingProtocol.swift */ = {isa = PBXFileReference; fileEncoding = 4; lastKnownFileType = sourcecode.swift; path = CTNetworkingProtocol.swift; sourceTree = "<group>"; };
		4A937492215BDD4D00B88CB8 /* ViewController.swift */ = {isa = PBXFileReference; fileEncoding = 4; lastKnownFileType = sourcecode.swift; path = ViewController.swift; sourceTree = "<group>"; };
		4A937493215BDD4D00B88CB8 /* TableView.ViewController.extension.swift */ = {isa = PBXFileReference; fileEncoding = 4; lastKnownFileType = sourcecode.swift; path = TableView.ViewController.extension.swift; sourceTree = "<group>"; };
		4A937494215BDD4D00B88CB8 /* ParamSource.ViewController.extension.swift */ = {isa = PBXFileReference; fileEncoding = 4; lastKnownFileType = sourcecode.swift; path = ParamSource.ViewController.extension.swift; sourceTree = "<group>"; };
		4A937495215BDD4D00B88CB8 /* Callback.ViewController.extension.swift */ = {isa = PBXFileReference; fileEncoding = 4; lastKnownFileType = sourcecode.swift; path = Callback.ViewController.extension.swift; sourceTree = "<group>"; };
		4A937496215BDD4D00B88CB8 /* LifeCycle.ViewController.extension.swift */ = {isa = PBXFileReference; fileEncoding = 4; lastKnownFileType = sourcecode.swift; path = LifeCycle.ViewController.extension.swift; sourceTree = "<group>"; };
		4A937498215BDD4D00B88CB8 /* CTNetworking.swift */ = {isa = PBXFileReference; fileEncoding = 4; lastKnownFileType = sourcecode.swift; path = CTNetworking.swift; sourceTree = "<group>"; };
		4A93749B215BDD4D00B88CB8 /* API.BaseAPIManager.extension.swift */ = {isa = PBXFileReference; fileEncoding = 4; lastKnownFileType = sourcecode.swift; path = API.BaseAPIManager.extension.swift; sourceTree = "<group>"; };
		4A93749C215BDD4D00B88CB8 /* Reformer.BaseAPIManager.extension.swift */ = {isa = PBXFileReference; fileEncoding = 4; lastKnownFileType = sourcecode.swift; path = Reformer.BaseAPIManager.extension.swift; sourceTree = "<group>"; };
		4A93749D215BDD4D00B88CB8 /* CTNetworkingBaseAPIManager.swift */ = {isa = PBXFileReference; fileEncoding = 4; lastKnownFileType = sourcecode.swift; path = CTNetworkingBaseAPIManager.swift; sourceTree = "<group>"; };
		4A93749F215BDD4D00B88CB8 /* CTNetworkingBaseAPIManagerParamSource.swift */ = {isa = PBXFileReference; fileEncoding = 4; lastKnownFileType = sourcecode.swift; path = CTNetworkingBaseAPIManagerParamSource.swift; sourceTree = "<group>"; };
		4A9374A0215BDD4D00B88CB8 /* CTNetworkingBaseAPIManagerInterceptor.swift */ = {isa = PBXFileReference; fileEncoding = 4; lastKnownFileType = sourcecode.swift; path = CTNetworkingBaseAPIManagerInterceptor.swift; sourceTree = "<group>"; };
		4A9374A1215BDD4D00B88CB8 /* CTNetworkingBaseAPIManagerValidator.swift */ = {isa = PBXFileReference; fileEncoding = 4; lastKnownFileType = sourcecode.swift; path = CTNetworkingBaseAPIManagerValidator.swift; sourceTree = "<group>"; };
		4A9374A2215BDD4D00B88CB8 /* CTNetworkingBaseAPIManagerCallbackDelegate.swift */ = {isa = PBXFileReference; fileEncoding = 4; lastKnownFileType = sourcecode.swift; path = CTNetworkingBaseAPIManagerCallbackDelegate.swift; sourceTree = "<group>"; };
		4A9374A3215BDD4D00B88CB8 /* CTNetworkingBaseAPIManagerChild.swift */ = {isa = PBXFileReference; fileEncoding = 4; lastKnownFileType = sourcecode.swift; path = CTNetworkingBaseAPIManagerChild.swift; sourceTree = "<group>"; };
		4A9374A4215BDD4D00B88CB8 /* Callback.BaseAPIManager.extension.swift */ = {isa = PBXFileReference; fileEncoding = 4; lastKnownFileType = sourcecode.swift; path = Callback.BaseAPIManager.extension.swift; sourceTree = "<group>"; };
		4A9374A6215BDD4D00B88CB8 /* ServiceProtocol.swift */ = {isa = PBXFileReference; fileEncoding = 4; lastKnownFileType = sourcecode.swift; path = ServiceProtocol.swift; sourceTree = "<group>"; };
		4AAF581E215BDB5C009E312E /* CTNetworkingSwift.app */ = {isa = PBXFileReference; explicitFileType = wrapper.application; includeInIndex = 0; path = CTNetworkingSwift.app; sourceTree = BUILT_PRODUCTS_DIR; };
		4AAF5821215BDB5C009E312E /* AppDelegate.swift */ = {isa = PBXFileReference; lastKnownFileType = sourcecode.swift; path = AppDelegate.swift; sourceTree = "<group>"; };
		4AAF5826215BDB5C009E312E /* Base */ = {isa = PBXFileReference; lastKnownFileType = file.storyboard; name = Base; path = Base.lproj/Main.storyboard; sourceTree = "<group>"; };
		4AAF5828215BDB5D009E312E /* Assets.xcassets */ = {isa = PBXFileReference; lastKnownFileType = folder.assetcatalog; path = Assets.xcassets; sourceTree = "<group>"; };
		4AAF582B215BDB5D009E312E /* Base */ = {isa = PBXFileReference; lastKnownFileType = file.storyboard; name = Base; path = Base.lproj/LaunchScreen.storyboard; sourceTree = "<group>"; };
		4AAF582D215BDB5D009E312E /* Info.plist */ = {isa = PBXFileReference; lastKnownFileType = text.plist.xml; path = Info.plist; sourceTree = "<group>"; };
		D6E59D57E0CC0C8DF4D88D77 /* Pods-CTNetworkingSwift.release.xcconfig */ = {isa = PBXFileReference; includeInIndex = 1; lastKnownFileType = text.xcconfig; name = "Pods-CTNetworkingSwift.release.xcconfig"; path = "Target Support Files/Pods-CTNetworkingSwift/Pods-CTNetworkingSwift.release.xcconfig"; sourceTree = "<group>"; };
		F0CD37C17C880E7F3657CEEA /* Pods-CTNetworkingSwift.debug.xcconfig */ = {isa = PBXFileReference; includeInIndex = 1; lastKnownFileType = text.xcconfig; name = "Pods-CTNetworkingSwift.debug.xcconfig"; path = "Target Support Files/Pods-CTNetworkingSwift/Pods-CTNetworkingSwift.debug.xcconfig"; sourceTree = "<group>"; };
/* End PBXFileReference section */

/* Begin PBXFrameworksBuildPhase section */
		4AAF581B215BDB5C009E312E /* Frameworks */ = {
			isa = PBXFrameworksBuildPhase;
			buildActionMask = 2147483647;
			files = (
				B11A445306298D39E166C910 /* Pods_CTNetworkingSwift.framework in Frameworks */,
			);
			runOnlyForDeploymentPostprocessing = 0;
		};
/* End PBXFrameworksBuildPhase section */

/* Begin PBXGroup section */
		3D6DEC79E84DD38F293F229C /* Pods */ = {
			isa = PBXGroup;
			children = (
				F0CD37C17C880E7F3657CEEA /* Pods-CTNetworkingSwift.debug.xcconfig */,
				D6E59D57E0CC0C8DF4D88D77 /* Pods-CTNetworkingSwift.release.xcconfig */,
			);
			path = Pods;
			sourceTree = "<group>";
		};
		4A460E7B215DEBEA00C98571 /* Extensions */ = {
			isa = PBXGroup;
			children = (
				4A460E7C215DEC2A00C98571 /* Debug.Request.extension.swift */,
				4A460E7E215DEC3700C98571 /* Debug.Response.Extension.swift */,
			);
			path = Extensions;
			sourceTree = "<group>";
		};
		4A937484215BDD4D00B88CB8 /* Demo */ = {
			isa = PBXGroup;
			children = (
				4A937485215BDD4D00B88CB8 /* WebViewController */,
				4A937489215BDD4D00B88CB8 /* Test */,
				4A937490215BDD4D00B88CB8 /* CTNetworkingProtocol.swift */,
				4A937491215BDD4D00B88CB8 /* ViewController */,
			);
			path = Demo;
			sourceTree = "<group>";
		};
		4A937485215BDD4D00B88CB8 /* WebViewController */ = {
			isa = PBXGroup;
			children = (
				4A937486215BDD4D00B88CB8 /* SchemeHandler.swift */,
				4A937487215BDD4D00B88CB8 /* WKWebViewController.swift */,
				4A937488215BDD4D00B88CB8 /* LifeCycle.WebViewController.extension.swift */,
			);
			path = WebViewController;
			sourceTree = "<group>";
		};
		4A937489215BDD4D00B88CB8 /* Test */ = {
			isa = PBXGroup;
			children = (
				4A93748C215BDD4D00B88CB8 /* TestService */,
				4A93748E215BDD4D00B88CB8 /* TestAPIManager */,
			);
			path = Test;
			sourceTree = "<group>";
		};
		4A93748C215BDD4D00B88CB8 /* TestService */ = {
			isa = PBXGroup;
			children = (
				4A93748D215BDD4D00B88CB8 /* TestService.swift */,
			);
			path = TestService;
			sourceTree = "<group>";
		};
		4A93748E215BDD4D00B88CB8 /* TestAPIManager */ = {
			isa = PBXGroup;
			children = (
				4A93748F215BDD4D00B88CB8 /* TestAPIManager.swift */,
			);
			path = TestAPIManager;
			sourceTree = "<group>";
		};
		4A937491215BDD4D00B88CB8 /* ViewController */ = {
			isa = PBXGroup;
			children = (
				4A937492215BDD4D00B88CB8 /* ViewController.swift */,
				4A937493215BDD4D00B88CB8 /* TableView.ViewController.extension.swift */,
				4A937494215BDD4D00B88CB8 /* ParamSource.ViewController.extension.swift */,
				4A937495215BDD4D00B88CB8 /* Callback.ViewController.extension.swift */,
				4A937496215BDD4D00B88CB8 /* LifeCycle.ViewController.extension.swift */,
			);
			path = ViewController;
			sourceTree = "<group>";
		};
		4A937497215BDD4D00B88CB8 /* CTNetworkingSwift */ = {
			isa = PBXGroup;
			children = (
				4A937498215BDD4D00B88CB8 /* CTNetworking.swift */,
				4A460E7B215DEBEA00C98571 /* Extensions */,
				4A937499215BDD4D00B88CB8 /* Components */,
				4A9374A5215BDD4D00B88CB8 /* Services */,
			);
			path = CTNetworkingSwift;
			sourceTree = "<group>";
		};
		4A937499215BDD4D00B88CB8 /* Components */ = {
			isa = PBXGroup;
			children = (
				4A93749A215BDD4D00B88CB8 /* BaseAPIManager */,
			);
			path = Components;
			sourceTree = "<group>";
		};
		4A93749A215BDD4D00B88CB8 /* BaseAPIManager */ = {
			isa = PBXGroup;
			children = (
				4A93749D215BDD4D00B88CB8 /* CTNetworkingBaseAPIManager.swift */,
				4A93749B215BDD4D00B88CB8 /* API.BaseAPIManager.extension.swift */,
				4A93749C215BDD4D00B88CB8 /* Reformer.BaseAPIManager.extension.swift */,
				4A9374A4215BDD4D00B88CB8 /* Callback.BaseAPIManager.extension.swift */,
				4A8A129F215FD4AD004A35BE /* InnerInterceptor.BaseAPIManager.extension.swift */,
				4A93749E215BDD4D00B88CB8 /* Protocols */,
			);
			path = BaseAPIManager;
			sourceTree = "<group>";
		};
		4A93749E215BDD4D00B88CB8 /* Protocols */ = {
			isa = PBXGroup;
			children = (
				4A93749F215BDD4D00B88CB8 /* CTNetworkingBaseAPIManagerParamSource.swift */,
				4A9374A0215BDD4D00B88CB8 /* CTNetworkingBaseAPIManagerInterceptor.swift */,
				4A9374A1215BDD4D00B88CB8 /* CTNetworkingBaseAPIManagerValidator.swift */,
				4A9374A2215BDD4D00B88CB8 /* CTNetworkingBaseAPIManagerCallbackDelegate.swift */,
				4A9374A3215BDD4D00B88CB8 /* CTNetworkingBaseAPIManagerChild.swift */,
				4A22E83E215F6FAC00109F7A /* CTNetworkingAPIManagerPagable.swift */,
			);
			path = Protocols;
			sourceTree = "<group>";
		};
		4A9374A5215BDD4D00B88CB8 /* Services */ = {
			isa = PBXGroup;
			children = (
				4A9374A6215BDD4D00B88CB8 /* ServiceProtocol.swift */,
			);
			path = Services;
			sourceTree = "<group>";
		};
		4AAF5815215BDB5C009E312E = {
			isa = PBXGroup;
			children = (
				4AAF5820215BDB5C009E312E /* CTNetworkingSwift */,
				4AAF581F215BDB5C009E312E /* Products */,
				3D6DEC79E84DD38F293F229C /* Pods */,
				DCD03A1A6A6764881FBC5779 /* Frameworks */,
			);
			sourceTree = "<group>";
		};
		4AAF581F215BDB5C009E312E /* Products */ = {
			isa = PBXGroup;
			children = (
				4AAF581E215BDB5C009E312E /* CTNetworkingSwift.app */,
			);
			name = Products;
			sourceTree = "<group>";
		};
		4AAF5820215BDB5C009E312E /* CTNetworkingSwift */ = {
			isa = PBXGroup;
			children = (
				4A937497215BDD4D00B88CB8 /* CTNetworkingSwift */,
				4A937484215BDD4D00B88CB8 /* Demo */,
				4AAF5821215BDB5C009E312E /* AppDelegate.swift */,
				4AAF5825215BDB5C009E312E /* Main.storyboard */,
				4AAF5828215BDB5D009E312E /* Assets.xcassets */,
				4AAF582A215BDB5D009E312E /* LaunchScreen.storyboard */,
				4AAF582D215BDB5D009E312E /* Info.plist */,
			);
			path = CTNetworkingSwift;
			sourceTree = "<group>";
		};
		DCD03A1A6A6764881FBC5779 /* Frameworks */ = {
			isa = PBXGroup;
			children = (
				0B21A842E0906B61311AD2E9 /* Pods_CTNetworkingSwift.framework */,
			);
			name = Frameworks;
			sourceTree = "<group>";
		};
/* End PBXGroup section */

/* Begin PBXNativeTarget section */
		4AAF581D215BDB5C009E312E /* CTNetworkingSwift */ = {
			isa = PBXNativeTarget;
			buildConfigurationList = 4AAF5830215BDB5D009E312E /* Build configuration list for PBXNativeTarget "CTNetworkingSwift" */;
			buildPhases = (
				4FE515CD5ABF0CBABB67BCCD /* [CP] Check Pods Manifest.lock */,
				4AAF581A215BDB5C009E312E /* Sources */,
				4AAF581B215BDB5C009E312E /* Frameworks */,
				4AAF581C215BDB5C009E312E /* Resources */,
				3558CF28B05196C22E10855F /* [CP] Embed Pods Frameworks */,
			);
			buildRules = (
			);
			dependencies = (
			);
			name = CTNetworkingSwift;
			productName = CTNetworkingSwift;
			productReference = 4AAF581E215BDB5C009E312E /* CTNetworkingSwift.app */;
			productType = "com.apple.product-type.application";
		};
/* End PBXNativeTarget section */

/* Begin PBXProject section */
		4AAF5816215BDB5C009E312E /* Project object */ = {
			isa = PBXProject;
			attributes = {
				LastSwiftUpdateCheck = 1000;
				LastUpgradeCheck = 1000;
				ORGANIZATIONNAME = casa;
				TargetAttributes = {
					4AAF581D215BDB5C009E312E = {
						CreatedOnToolsVersion = 10.0;
					};
				};
			};
			buildConfigurationList = 4AAF5819215BDB5C009E312E /* Build configuration list for PBXProject "CTNetworkingSwift" */;
			compatibilityVersion = "Xcode 9.3";
			developmentRegion = en;
			hasScannedForEncodings = 0;
			knownRegions = (
				en,
				Base,
			);
			mainGroup = 4AAF5815215BDB5C009E312E;
			productRefGroup = 4AAF581F215BDB5C009E312E /* Products */;
			projectDirPath = "";
			projectRoot = "";
			targets = (
				4AAF581D215BDB5C009E312E /* CTNetworkingSwift */,
			);
		};
/* End PBXProject section */

/* Begin PBXResourcesBuildPhase section */
		4AAF581C215BDB5C009E312E /* Resources */ = {
			isa = PBXResourcesBuildPhase;
			buildActionMask = 2147483647;
			files = (
				4AAF582C215BDB5D009E312E /* LaunchScreen.storyboard in Resources */,
				4AAF5829215BDB5D009E312E /* Assets.xcassets in Resources */,
				4AAF5827215BDB5C009E312E /* Main.storyboard in Resources */,
			);
			runOnlyForDeploymentPostprocessing = 0;
		};
/* End PBXResourcesBuildPhase section */

/* Begin PBXShellScriptBuildPhase section */
		3558CF28B05196C22E10855F /* [CP] Embed Pods Frameworks */ = {
			isa = PBXShellScriptBuildPhase;
			buildActionMask = 2147483647;
			files = (
			);
			inputFileListPaths = (
			);
			inputPaths = (
				"${PODS_ROOT}/Target Support Files/Pods-CTNetworkingSwift/Pods-CTNetworkingSwift-frameworks.sh",
				"${BUILT_PRODUCTS_DIR}/Alamofire/Alamofire.framework",
				"${BUILT_PRODUCTS_DIR}/CTMediator/CTMediator.framework",
				"${BUILT_PRODUCTS_DIR}/SwiftHandyFrame/SwiftHandyFrame.framework",
			);
			name = "[CP] Embed Pods Frameworks";
			outputFileListPaths = (
			);
			outputPaths = (
				"${TARGET_BUILD_DIR}/${FRAMEWORKS_FOLDER_PATH}/Alamofire.framework",
				"${TARGET_BUILD_DIR}/${FRAMEWORKS_FOLDER_PATH}/CTMediator.framework",
				"${TARGET_BUILD_DIR}/${FRAMEWORKS_FOLDER_PATH}/SwiftHandyFrame.framework",
			);
			runOnlyForDeploymentPostprocessing = 0;
			shellPath = /bin/sh;
			shellScript = "\"${PODS_ROOT}/Target Support Files/Pods-CTNetworkingSwift/Pods-CTNetworkingSwift-frameworks.sh\"\n";
			showEnvVarsInLog = 0;
		};
		4FE515CD5ABF0CBABB67BCCD /* [CP] Check Pods Manifest.lock */ = {
			isa = PBXShellScriptBuildPhase;
			buildActionMask = 2147483647;
			files = (
			);
			inputFileListPaths = (
			);
			inputPaths = (
				"${PODS_PODFILE_DIR_PATH}/Podfile.lock",
				"${PODS_ROOT}/Manifest.lock",
			);
			name = "[CP] Check Pods Manifest.lock";
			outputFileListPaths = (
			);
			outputPaths = (
				"$(DERIVED_FILE_DIR)/Pods-CTNetworkingSwift-checkManifestLockResult.txt",
			);
			runOnlyForDeploymentPostprocessing = 0;
			shellPath = /bin/sh;
			shellScript = "diff \"${PODS_PODFILE_DIR_PATH}/Podfile.lock\" \"${PODS_ROOT}/Manifest.lock\" > /dev/null\nif [ $? != 0 ] ; then\n    # print error to STDERR\n    echo \"error: The sandbox is not in sync with the Podfile.lock. Run 'pod install' or update your CocoaPods installation.\" >&2\n    exit 1\nfi\n# This output is used by Xcode 'outputs' to avoid re-running this script phase.\necho \"SUCCESS\" > \"${SCRIPT_OUTPUT_FILE_0}\"\n";
			showEnvVarsInLog = 0;
		};
/* End PBXShellScriptBuildPhase section */

/* Begin PBXSourcesBuildPhase section */
		4AAF581A215BDB5C009E312E /* Sources */ = {
			isa = PBXSourcesBuildPhase;
			buildActionMask = 2147483647;
			files = (
				4A9374B4215BDD4D00B88CB8 /* CTNetworking.swift in Sources */,
				4A9374AA215BDD4D00B88CB8 /* LifeCycle.WebViewController.extension.swift in Sources */,
				4A9374A9215BDD4D00B88CB8 /* WKWebViewController.swift in Sources */,
				4A9374BE215BDD4D00B88CB8 /* ServiceProtocol.swift in Sources */,
				4A460E7F215DEC3700C98571 /* Debug.Response.Extension.swift in Sources */,
				4A9374B3215BDD4D00B88CB8 /* LifeCycle.ViewController.extension.swift in Sources */,
				4AAF5822215BDB5C009E312E /* AppDelegate.swift in Sources */,
				4A9374AF215BDD4D00B88CB8 /* ViewController.swift in Sources */,
				4A22E83F215F6FAC00109F7A /* CTNetworkingAPIManagerPagable.swift in Sources */,
				4A9374B0215BDD4D00B88CB8 /* TableView.ViewController.extension.swift in Sources */,
				4A9374AC215BDD4D00B88CB8 /* TestService.swift in Sources */,
				4A9374AD215BDD4D00B88CB8 /* TestAPIManager.swift in Sources */,
				4A9374BD215BDD4D00B88CB8 /* Callback.BaseAPIManager.extension.swift in Sources */,
				4A9374A8215BDD4D00B88CB8 /* SchemeHandler.swift in Sources */,
				4A8A12A0215FD4AD004A35BE /* InnerInterceptor.BaseAPIManager.extension.swift in Sources */,
				4A9374BB215BDD4D00B88CB8 /* CTNetworkingBaseAPIManagerCallbackDelegate.swift in Sources */,
				4A460E7D215DEC2A00C98571 /* Debug.Request.extension.swift in Sources */,
				4A9374B1215BDD4D00B88CB8 /* ParamSource.ViewController.extension.swift in Sources */,
				4A9374B5215BDD4D00B88CB8 /* API.BaseAPIManager.extension.swift in Sources */,
				4A9374B7215BDD4D00B88CB8 /* CTNetworkingBaseAPIManager.swift in Sources */,
				4A9374BA215BDD4D00B88CB8 /* CTNetworkingBaseAPIManagerValidator.swift in Sources */,
				4A9374B9215BDD4D00B88CB8 /* CTNetworkingBaseAPIManagerInterceptor.swift in Sources */,
				4A9374AE215BDD4D00B88CB8 /* CTNetworkingProtocol.swift in Sources */,
				4A9374B6215BDD4D00B88CB8 /* Reformer.BaseAPIManager.extension.swift in Sources */,
				4A9374BC215BDD4D00B88CB8 /* CTNetworkingBaseAPIManagerChild.swift in Sources */,
				4A9374B2215BDD4D00B88CB8 /* Callback.ViewController.extension.swift in Sources */,
				4A9374B8215BDD4D00B88CB8 /* CTNetworkingBaseAPIManagerParamSource.swift in Sources */,
			);
			runOnlyForDeploymentPostprocessing = 0;
		};
/* End PBXSourcesBuildPhase section */

/* Begin PBXVariantGroup section */
		4AAF5825215BDB5C009E312E /* Main.storyboard */ = {
			isa = PBXVariantGroup;
			children = (
				4AAF5826215BDB5C009E312E /* Base */,
			);
			name = Main.storyboard;
			sourceTree = "<group>";
		};
		4AAF582A215BDB5D009E312E /* LaunchScreen.storyboard */ = {
			isa = PBXVariantGroup;
			children = (
				4AAF582B215BDB5D009E312E /* Base */,
			);
			name = LaunchScreen.storyboard;
			sourceTree = "<group>";
		};
/* End PBXVariantGroup section */

/* Begin XCBuildConfiguration section */
		4AAF582E215BDB5D009E312E /* Debug */ = {
			isa = XCBuildConfiguration;
			buildSettings = {
				ALWAYS_SEARCH_USER_PATHS = NO;
				CLANG_ANALYZER_NONNULL = YES;
				CLANG_ANALYZER_NUMBER_OBJECT_CONVERSION = YES_AGGRESSIVE;
				CLANG_CXX_LANGUAGE_STANDARD = "gnu++14";
				CLANG_CXX_LIBRARY = "libc++";
				CLANG_ENABLE_MODULES = YES;
				CLANG_ENABLE_OBJC_ARC = YES;
				CLANG_ENABLE_OBJC_WEAK = YES;
				CLANG_WARN_BLOCK_CAPTURE_AUTORELEASING = YES;
				CLANG_WARN_BOOL_CONVERSION = YES;
				CLANG_WARN_COMMA = YES;
				CLANG_WARN_CONSTANT_CONVERSION = YES;
				CLANG_WARN_DEPRECATED_OBJC_IMPLEMENTATIONS = YES;
				CLANG_WARN_DIRECT_OBJC_ISA_USAGE = YES_ERROR;
				CLANG_WARN_DOCUMENTATION_COMMENTS = YES;
				CLANG_WARN_EMPTY_BODY = YES;
				CLANG_WARN_ENUM_CONVERSION = YES;
				CLANG_WARN_INFINITE_RECURSION = YES;
				CLANG_WARN_INT_CONVERSION = YES;
				CLANG_WARN_NON_LITERAL_NULL_CONVERSION = YES;
				CLANG_WARN_OBJC_IMPLICIT_RETAIN_SELF = YES;
				CLANG_WARN_OBJC_LITERAL_CONVERSION = YES;
				CLANG_WARN_OBJC_ROOT_CLASS = YES_ERROR;
				CLANG_WARN_RANGE_LOOP_ANALYSIS = YES;
				CLANG_WARN_STRICT_PROTOTYPES = YES;
				CLANG_WARN_SUSPICIOUS_MOVE = YES;
				CLANG_WARN_UNGUARDED_AVAILABILITY = YES_AGGRESSIVE;
				CLANG_WARN_UNREACHABLE_CODE = YES;
				CLANG_WARN__DUPLICATE_METHOD_MATCH = YES;
				CODE_SIGN_IDENTITY = "iPhone Developer";
				COPY_PHASE_STRIP = NO;
				DEBUG_INFORMATION_FORMAT = dwarf;
				ENABLE_STRICT_OBJC_MSGSEND = YES;
				ENABLE_TESTABILITY = YES;
				GCC_C_LANGUAGE_STANDARD = gnu11;
				GCC_DYNAMIC_NO_PIC = NO;
				GCC_NO_COMMON_BLOCKS = YES;
				GCC_OPTIMIZATION_LEVEL = 0;
				GCC_PREPROCESSOR_DEFINITIONS = (
					"DEBUG=1",
					"$(inherited)",
				);
				GCC_WARN_64_TO_32_BIT_CONVERSION = YES;
				GCC_WARN_ABOUT_RETURN_TYPE = YES_ERROR;
				GCC_WARN_UNDECLARED_SELECTOR = YES;
				GCC_WARN_UNINITIALIZED_AUTOS = YES_AGGRESSIVE;
				GCC_WARN_UNUSED_FUNCTION = YES;
				GCC_WARN_UNUSED_VARIABLE = YES;
				IPHONEOS_DEPLOYMENT_TARGET = 12.0;
				MTL_ENABLE_DEBUG_INFO = INCLUDE_SOURCE;
				MTL_FAST_MATH = YES;
				ONLY_ACTIVE_ARCH = YES;
				SDKROOT = iphoneos;
				SWIFT_ACTIVE_COMPILATION_CONDITIONS = DEBUG;
				SWIFT_OPTIMIZATION_LEVEL = "-Onone";
			};
			name = Debug;
		};
		4AAF582F215BDB5D009E312E /* Release */ = {
			isa = XCBuildConfiguration;
			buildSettings = {
				ALWAYS_SEARCH_USER_PATHS = NO;
				CLANG_ANALYZER_NONNULL = YES;
				CLANG_ANALYZER_NUMBER_OBJECT_CONVERSION = YES_AGGRESSIVE;
				CLANG_CXX_LANGUAGE_STANDARD = "gnu++14";
				CLANG_CXX_LIBRARY = "libc++";
				CLANG_ENABLE_MODULES = YES;
				CLANG_ENABLE_OBJC_ARC = YES;
				CLANG_ENABLE_OBJC_WEAK = YES;
				CLANG_WARN_BLOCK_CAPTURE_AUTORELEASING = YES;
				CLANG_WARN_BOOL_CONVERSION = YES;
				CLANG_WARN_COMMA = YES;
				CLANG_WARN_CONSTANT_CONVERSION = YES;
				CLANG_WARN_DEPRECATED_OBJC_IMPLEMENTATIONS = YES;
				CLANG_WARN_DIRECT_OBJC_ISA_USAGE = YES_ERROR;
				CLANG_WARN_DOCUMENTATION_COMMENTS = YES;
				CLANG_WARN_EMPTY_BODY = YES;
				CLANG_WARN_ENUM_CONVERSION = YES;
				CLANG_WARN_INFINITE_RECURSION = YES;
				CLANG_WARN_INT_CONVERSION = YES;
				CLANG_WARN_NON_LITERAL_NULL_CONVERSION = YES;
				CLANG_WARN_OBJC_IMPLICIT_RETAIN_SELF = YES;
				CLANG_WARN_OBJC_LITERAL_CONVERSION = YES;
				CLANG_WARN_OBJC_ROOT_CLASS = YES_ERROR;
				CLANG_WARN_RANGE_LOOP_ANALYSIS = YES;
				CLANG_WARN_STRICT_PROTOTYPES = YES;
				CLANG_WARN_SUSPICIOUS_MOVE = YES;
				CLANG_WARN_UNGUARDED_AVAILABILITY = YES_AGGRESSIVE;
				CLANG_WARN_UNREACHABLE_CODE = YES;
				CLANG_WARN__DUPLICATE_METHOD_MATCH = YES;
				CODE_SIGN_IDENTITY = "iPhone Developer";
				COPY_PHASE_STRIP = NO;
				DEBUG_INFORMATION_FORMAT = "dwarf-with-dsym";
				ENABLE_NS_ASSERTIONS = NO;
				ENABLE_STRICT_OBJC_MSGSEND = YES;
				GCC_C_LANGUAGE_STANDARD = gnu11;
				GCC_NO_COMMON_BLOCKS = YES;
				GCC_WARN_64_TO_32_BIT_CONVERSION = YES;
				GCC_WARN_ABOUT_RETURN_TYPE = YES_ERROR;
				GCC_WARN_UNDECLARED_SELECTOR = YES;
				GCC_WARN_UNINITIALIZED_AUTOS = YES_AGGRESSIVE;
				GCC_WARN_UNUSED_FUNCTION = YES;
				GCC_WARN_UNUSED_VARIABLE = YES;
				IPHONEOS_DEPLOYMENT_TARGET = 12.0;
				MTL_ENABLE_DEBUG_INFO = NO;
				MTL_FAST_MATH = YES;
				SDKROOT = iphoneos;
				SWIFT_COMPILATION_MODE = wholemodule;
				SWIFT_OPTIMIZATION_LEVEL = "-O";
				VALIDATE_PRODUCT = YES;
			};
			name = Release;
		};
		4AAF5831215BDB5D009E312E /* Debug */ = {
			isa = XCBuildConfiguration;
			baseConfigurationReference = F0CD37C17C880E7F3657CEEA /* Pods-CTNetworkingSwift.debug.xcconfig */;
			buildSettings = {
				ASSETCATALOG_COMPILER_APPICON_NAME = AppIcon;
				CODE_SIGN_STYLE = Automatic;
				DEVELOPMENT_TEAM = THS9SRQVES;
				INFOPLIST_FILE = CTNetworkingSwift/Info.plist;
				LD_RUNPATH_SEARCH_PATHS = (
					"$(inherited)",
					"@executable_path/Frameworks",
				);
				PRODUCT_BUNDLE_IDENTIFIER = casa.CTNetworkingSwift;
				PRODUCT_NAME = "$(TARGET_NAME)";
				SWIFT_VERSION = 4.2;
				TARGETED_DEVICE_FAMILY = "1,2";
			};
			name = Debug;
		};
		4AAF5832215BDB5D009E312E /* Release */ = {
			isa = XCBuildConfiguration;
			baseConfigurationReference = D6E59D57E0CC0C8DF4D88D77 /* Pods-CTNetworkingSwift.release.xcconfig */;
			buildSettings = {
				ASSETCATALOG_COMPILER_APPICON_NAME = AppIcon;
				CODE_SIGN_STYLE = Automatic;
				DEVELOPMENT_TEAM = THS9SRQVES;
				INFOPLIST_FILE = CTNetworkingSwift/Info.plist;
				LD_RUNPATH_SEARCH_PATHS = (
					"$(inherited)",
					"@executable_path/Frameworks",
				);
				PRODUCT_BUNDLE_IDENTIFIER = casa.CTNetworkingSwift;
				PRODUCT_NAME = "$(TARGET_NAME)";
				SWIFT_VERSION = 4.2;
				TARGETED_DEVICE_FAMILY = "1,2";
			};
			name = Release;
		};
/* End XCBuildConfiguration section */

/* Begin XCConfigurationList section */
		4AAF5819215BDB5C009E312E /* Build configuration list for PBXProject "CTNetworkingSwift" */ = {
			isa = XCConfigurationList;
			buildConfigurations = (
				4AAF582E215BDB5D009E312E /* Debug */,
				4AAF582F215BDB5D009E312E /* Release */,
			);
			defaultConfigurationIsVisible = 0;
			defaultConfigurationName = Release;
		};
		4AAF5830215BDB5D009E312E /* Build configuration list for PBXNativeTarget "CTNetworkingSwift" */ = {
			isa = XCConfigurationList;
			buildConfigurations = (
				4AAF5831215BDB5D009E312E /* Debug */,
				4AAF5832215BDB5D009E312E /* Release */,
			);
			defaultConfigurationIsVisible = 0;
			defaultConfigurationName = Release;
		};
/* End XCConfigurationList section */
	};
	rootObject = 4AAF5816215BDB5C009E312E /* Project object */;
}
