PODS:
  - Alamofire (5.0.2)
  - CTMediator (25)
  - SwiftHandyFrame (9)
  - SwiftyJSON (5.0.0)

DEPENDENCIES:
  - Alamofire
  - CTMediator
  - SwiftHandyFrame
  - SwiftyJSON

SPEC REPOS:
  trunk:
    - Alamofire
    - CTMediator
    - SwiftHandyFrame
    - SwiftyJSON

SPEC CHECKSUMS:
  Alamofire: 3ba7a4db18b4f62c4a1c0e1cb39d7f3d52e10ada
  CTMediator: 830c1fc204b3a6abf2a059510c7380f56343da0f
  SwiftHandyFrame: b0642ab80d8b096afb3d84dad3255bfc0755b38b
  SwiftyJSON: 36413e04c44ee145039d332b4f4e2d3e8d6c4db7

PODFILE CHECKSUM: cb568ea4bcc0f2d76819bf7a5afb96473f0d935b

COCOAPODS: 1.8.4
