PODS:
  - Alamofire (5.4.1)
  - CTMediator (44)
  - SwiftHandyFrame (15)

DEPENDENCIES:
  - Alamofire
  - CTMediator
  - SwiftHandyFrame

SPEC REPOS:
  trunk:
    - Alamofire
    - CTMediator
    - SwiftHandyFrame

SPEC CHECKSUMS:
  Alamofire: 2291f7d21ca607c491dd17642e5d40fdcda0e65c
  CTMediator: 933dba523da87bf875e4a7e8728945fbc512f1d2
  SwiftHandyFrame: 76340da8630c255a0b48f70a323f2d2b408babcc

PODFILE CHECKSUM: 6ea071597123cf9c99463ee4ce240cb8dbff00b4

COCOAPODS: 1.10.1
