PODS:
  - Alamofire (5.0.2)
  - CTMediator (26)
  - SwiftHandyFrame (14)
  - SwiftyJSON (5.0.0)

DEPENDENCIES:
  - Alamofire
  - CTMediator
  - SwiftHandyFrame
  - SwiftyJSON

SPEC REPOS:
  trunk:
    - Alamofire
    - CTMediator
    - SwiftHandyFrame
    - SwiftyJSON

SPEC CHECKSUMS:
  Alamofire: 3ba7a4db18b4f62c4a1c0e1cb39d7f3d52e10ada
  CTMediator: 22d631107cb27f2c792c766e50e580ef35530c36
  SwiftHandyFrame: 75f90e305a27a6a3328d5c2a0278c10775b5ca73
  SwiftyJSON: 36413e04c44ee145039d332b4f4e2d3e8d6c4db7

PODFILE CHECKSUM: 1c366deb7ea8cde9d67bf653d9b25e9afddd559a

COCOAPODS: 1.9.0
